
Microsoft Visual Studio Solution File, Format Version 12.00
# Visual Studio Version 16
VisualStudioVersion = 16.0.30717.126
MinimumVisualStudioVersion = 10.0.40219.1
Project("{FAE04EC0-301F-11D3-BF4B-00C04F79EFBC}") = "FileStreamTest", "FileStreamTest\FileStreamTest.csproj", "{AFE424E9-DE4A-4DFC-B146-814D499B362F}"
EndProject
Global
	GlobalSection(SolutionConfigurationPlatforms) = preSolution
		Debug|Any CPU = Debug|Any CPU
		Release|Any CPU = Release|Any CPU
	EndGlobalSection
	GlobalSection(ProjectConfigurationPlatforms) = postSolution
		{AFE424E9-DE4A-4DFC-B146-814D499B362F}.Debug|Any CPU.ActiveCfg = Debug|Any CPU
		{AFE424E9-DE4A-4DFC-B146-814D499B362F}.Debug|Any CPU.Build.0 = Debug|Any CPU
		{AFE424E9-DE4A-4DFC-B146-814D499B362F}.Release|Any CPU.ActiveCfg = Release|Any CPU
		{AFE424E9-DE4A-4DFC-B146-814D499B362F}.Release|Any CPU.Build.0 = Release|Any CPU
	EndGlobalSection
	GlobalSection(SolutionProperties) = preSolution
		HideSolutionNode = FALSE
	EndGlobalSection
	GlobalSection(ExtensibilityGlobals) = postSolution
		SolutionGuid = {E7685A74-8740-477A-8CD6-4C26192C0660}
	EndGlobalSection
EndGlobal
