
Microsoft Visual Studio Solution File, Format Version 12.00
# Visual Studio Version 16
VisualStudioVersion = 16.0.31702.278
MinimumVisualStudioVersion = 10.0.40219.1
Project("{FAE04EC0-301F-11D3-BF4B-00C04F79EFBC}") = "Interfaces", "Interfaces\Interfaces.csproj", "{13833BB7-A875-4348-9630-C688B80CE415}"
EndProject
Project("{FAE04EC0-301F-11D3-BF4B-00C04F79EFBC}") = "InterfaceTest", "InterfaceTest\InterfaceTest.csproj", "{450D1E28-49E5-4426-86CB-6E4389675310}"
EndProject
Global
	GlobalSection(SolutionConfigurationPlatforms) = preSolution
		Debug|Any CPU = Debug|Any CPU
		Release|Any CPU = Release|Any CPU
	EndGlobalSection
	GlobalSection(ProjectConfigurationPlatforms) = postSolution
		{13833BB7-A875-4348-9630-C688B80CE415}.Debug|Any CPU.ActiveCfg = Debug|Any CPU
		{13833BB7-A875-4348-9630-C688B80CE415}.Debug|Any CPU.Build.0 = Debug|Any CPU
		{13833BB7-A875-4348-9630-C688B80CE415}.Release|Any CPU.ActiveCfg = Release|Any CPU
		{13833BB7-A875-4348-9630-C688B80CE415}.Release|Any CPU.Build.0 = Release|Any CPU
		{450D1E28-49E5-4426-86CB-6E4389675310}.Debug|Any CPU.ActiveCfg = Debug|Any CPU
		{450D1E28-49E5-4426-86CB-6E4389675310}.Debug|Any CPU.Build.0 = Debug|Any CPU
		{450D1E28-49E5-4426-86CB-6E4389675310}.Release|Any CPU.ActiveCfg = Release|Any CPU
		{450D1E28-49E5-4426-86CB-6E4389675310}.Release|Any CPU.Build.0 = Release|Any CPU
	EndGlobalSection
	GlobalSection(SolutionProperties) = preSolution
		HideSolutionNode = FALSE
	EndGlobalSection
	GlobalSection(ExtensibilityGlobals) = postSolution
		SolutionGuid = {EE1FDA31-AF9B-4614-9EC2-152E9B90B4D8}
	EndGlobalSection
EndGlobal
